
Microsoft Visual Studio Solution File, Format Version 12.00
# Visual Studio Version 16
VisualStudioVersion = 16.0.31205.134
MinimumVisualStudioVersion = 10.0.40219.1
Project("{FAE04EC0-301F-11D3-BF4B-00C04F79EFBC}") = "InstagramRegistrationSample", "InstagramRegistrationSample\InstagramRegistrationSample.csproj", "{CF2C956D-DCA8-4073-AB36-F9423F7DEED1}"
EndProject
Global
	GlobalSection(SolutionConfigurationPlatforms) = preSolution
		Debug|Any CPU = Debug|Any CPU
		Release|Any CPU = Release|Any CPU
	EndGlobalSection
	GlobalSection(ProjectConfigurationPlatforms) = postSolution
		{CF2C956D-DCA8-4073-AB36-F9423F7DEED1}.Debug|Any CPU.ActiveCfg = Debug|Any CPU
		{CF2C956D-DCA8-4073-AB36-F9423F7DEED1}.Debug|Any CPU.Build.0 = Debug|Any CPU
		{CF2C956D-DCA8-4073-AB36-F9423F7DEED1}.Release|Any CPU.ActiveCfg = Release|Any CPU
		{CF2C956D-DCA8-4073-AB36-F9423F7DEED1}.Release|Any CPU.Build.0 = Release|Any CPU
	EndGlobalSection
	GlobalSection(SolutionProperties) = preSolution
		HideSolutionNode = FALSE
	EndGlobalSection
	GlobalSection(ExtensibilityGlobals) = postSolution
		SolutionGuid = {20E15C2B-512C-46A4-B0C4-1C1638134C49}
	EndGlobalSection
EndGlobal
